
Microsoft Visual Studio Solution File, Format Version 12.00
# Visual Studio Version 17
VisualStudioVersion = 17.5.002.0
MinimumVisualStudioVersion = 10.0.40219.1
Project("{2150E333-8FDC-42A3-9474-1A3956D46DE8}") = "week01", "week01", "{10E11EB8-01FA-4C82-A5EA-DE8A711DB19B}"
EndProject
Project("{9A19103F-16F7-4668-BE54-9A1E7A4F7556}") = "code", "week01\code\code.csproj", "{73C35623-5304-48B1-AA1E-33012D15A264}"
EndProject
Project("{9A19103F-16F7-4668-BE54-9A1E7A4F7556}") = "analyze", "week01\analyze\analyze.csproj", "{BE0E4601-A895-4577-91E8-358AD56C6CB6}"
EndProject
Project("{9A19103F-16F7-4668-BE54-9A1E7A4F7556}") = "teach", "week01\teach\teach.csproj", "{E66151E9-DA69-4CCE-A081-4EE3CA532C9B}"
EndProject
Project("{2150E333-8FDC-42A3-9474-1A3956D46DE8}") = "week06", "week06", "{A975C52C-0378-4A08-9F24-A75A9394E0A0}"
EndProject
Project("{9A19103F-16F7-4668-BE54-9A1E7A4F7556}") = "code", "week06\code\code.csproj", "{F24D4C05-CE7D-4A06-BF2B-497413537731}"
EndProject
Project("{2150E333-8FDC-42A3-9474-1A3956D46DE8}") = "sandbox", "sandbox", "{98DE54CD-AC0F-42B2-80C4-BB82AB95BD4F}"
EndProject
Project("{9A19103F-16F7-4668-BE54-9A1E7A4F7556}") = "sandbox_project", "sandbox\sandbox_project\sandbox_project.csproj", "{6A40CA32-0C64-43D3-8250-CA8A9E1D1CDA}"
EndProject
Project("{2150E333-8FDC-42A3-9474-1A3956D46DE8}") = "week05", "week05", "{CEC28F5A-1141-482E-876E-0D93A3E3E993}"
EndProject
Project("{9A19103F-16F7-4668-BE54-9A1E7A4F7556}") = "code", "week05\code\code.csproj", "{A4358435-8CFE-4B31-B591-468ACADC5FB7}"
EndProject
Project("{2150E333-8FDC-42A3-9474-1A3956D46DE8}") = "week02", "week02", "{3833F2FE-2A9C-4BA0-8FAD-0F8EAC42DFD8}"
EndProject
Project("{9A19103F-16F7-4668-BE54-9A1E7A4F7556}") = "learn", "week02\learn\learn.csproj", "{52C56443-5EAD-41E0-B3A3-7E516770EC0B}"
EndProject
Project("{9A19103F-16F7-4668-BE54-9A1E7A4F7556}") = "code", "week02\code\code.csproj", "{B75B6406-47C5-4C18-BA09-2E457CDA51D9}"
EndProject
Project("{9A19103F-16F7-4668-BE54-9A1E7A4F7556}") = "analyze", "week02\analyze\analyze.csproj", "{A51A05B2-F7A1-44D5-B811-89CEE4610432}"
EndProject
Project("{9A19103F-16F7-4668-BE54-9A1E7A4F7556}") = "teach", "week02\teach\teach.csproj", "{6EFA0CAB-C32B-4BD0-9172-053DFE30C298}"
EndProject
Project("{2150E333-8FDC-42A3-9474-1A3956D46DE8}") = "week03", "week03", "{8B494030-9512-4DA4-ADE3-90DA56D5F08B}"
EndProject
Project("{9A19103F-16F7-4668-BE54-9A1E7A4F7556}") = "learn", "week03\learn\learn.csproj", "{C4D26B43-E7B2-4C96-AA2E-1D84EFD33863}"
EndProject
Project("{9A19103F-16F7-4668-BE54-9A1E7A4F7556}") = "code", "week03\code\code.csproj", "{AC4CAFB5-F265-46DF-861C-DF46CDEFDF9C}"
EndProject
Project("{9A19103F-16F7-4668-BE54-9A1E7A4F7556}") = "teach", "week03\teach\teach.csproj", "{740FE456-C733-4CBB-8DAE-067E50F431E1}"
EndProject
Project("{2150E333-8FDC-42A3-9474-1A3956D46DE8}") = "week04", "week04", "{0E8AD9D4-88FB-4C6B-8176-C4A0003E3042}"
EndProject
Project("{9A19103F-16F7-4668-BE54-9A1E7A4F7556}") = "code", "week04\code\code.csproj", "{291FE32B-36EE-4545-92D1-8994CCAEDB93}"
EndProject
Global
	GlobalSection(SolutionConfigurationPlatforms) = preSolution
		Debug|Any CPU = Debug|Any CPU
		Release|Any CPU = Release|Any CPU
	EndGlobalSection
	GlobalSection(ProjectConfigurationPlatforms) = postSolution
		{73C35623-5304-48B1-AA1E-33012D15A264}.Debug|Any CPU.ActiveCfg = Debug|Any CPU
		{73C35623-5304-48B1-AA1E-33012D15A264}.Debug|Any CPU.Build.0 = Debug|Any CPU
		{73C35623-5304-48B1-AA1E-33012D15A264}.Release|Any CPU.ActiveCfg = Release|Any CPU
		{73C35623-5304-48B1-AA1E-33012D15A264}.Release|Any CPU.Build.0 = Release|Any CPU
		{BE0E4601-A895-4577-91E8-358AD56C6CB6}.Debug|Any CPU.ActiveCfg = Debug|Any CPU
		{BE0E4601-A895-4577-91E8-358AD56C6CB6}.Debug|Any CPU.Build.0 = Debug|Any CPU
		{BE0E4601-A895-4577-91E8-358AD56C6CB6}.Release|Any CPU.ActiveCfg = Release|Any CPU
		{BE0E4601-A895-4577-91E8-358AD56C6CB6}.Release|Any CPU.Build.0 = Release|Any CPU
		{E66151E9-DA69-4CCE-A081-4EE3CA532C9B}.Debug|Any CPU.ActiveCfg = Debug|Any CPU
		{E66151E9-DA69-4CCE-A081-4EE3CA532C9B}.Debug|Any CPU.Build.0 = Debug|Any CPU
		{E66151E9-DA69-4CCE-A081-4EE3CA532C9B}.Release|Any CPU.ActiveCfg = Release|Any CPU
		{E66151E9-DA69-4CCE-A081-4EE3CA532C9B}.Release|Any CPU.Build.0 = Release|Any CPU
		{F24D4C05-CE7D-4A06-BF2B-497413537731}.Debug|Any CPU.ActiveCfg = Debug|Any CPU
		{F24D4C05-CE7D-4A06-BF2B-497413537731}.Debug|Any CPU.Build.0 = Debug|Any CPU
		{F24D4C05-CE7D-4A06-BF2B-497413537731}.Release|Any CPU.ActiveCfg = Release|Any CPU
		{F24D4C05-CE7D-4A06-BF2B-497413537731}.Release|Any CPU.Build.0 = Release|Any CPU
		{6A40CA32-0C64-43D3-8250-CA8A9E1D1CDA}.Debug|Any CPU.ActiveCfg = Debug|Any CPU
		{6A40CA32-0C64-43D3-8250-CA8A9E1D1CDA}.Debug|Any CPU.Build.0 = Debug|Any CPU
		{6A40CA32-0C64-43D3-8250-CA8A9E1D1CDA}.Release|Any CPU.ActiveCfg = Release|Any CPU
		{6A40CA32-0C64-43D3-8250-CA8A9E1D1CDA}.Release|Any CPU.Build.0 = Release|Any CPU
		{A4358435-8CFE-4B31-B591-468ACADC5FB7}.Debug|Any CPU.ActiveCfg = Debug|Any CPU
		{A4358435-8CFE-4B31-B591-468ACADC5FB7}.Debug|Any CPU.Build.0 = Debug|Any CPU
		{A4358435-8CFE-4B31-B591-468ACADC5FB7}.Release|Any CPU.ActiveCfg = Release|Any CPU
		{A4358435-8CFE-4B31-B591-468ACADC5FB7}.Release|Any CPU.Build.0 = Release|Any CPU
		{52C56443-5EAD-41E0-B3A3-7E516770EC0B}.Debug|Any CPU.ActiveCfg = Debug|Any CPU
		{52C56443-5EAD-41E0-B3A3-7E516770EC0B}.Debug|Any CPU.Build.0 = Debug|Any CPU
		{52C56443-5EAD-41E0-B3A3-7E516770EC0B}.Release|Any CPU.ActiveCfg = Release|Any CPU
		{52C56443-5EAD-41E0-B3A3-7E516770EC0B}.Release|Any CPU.Build.0 = Release|Any CPU
		{B75B6406-47C5-4C18-BA09-2E457CDA51D9}.Debug|Any CPU.ActiveCfg = Debug|Any CPU
		{B75B6406-47C5-4C18-BA09-2E457CDA51D9}.Debug|Any CPU.Build.0 = Debug|Any CPU
		{B75B6406-47C5-4C18-BA09-2E457CDA51D9}.Release|Any CPU.ActiveCfg = Release|Any CPU
		{B75B6406-47C5-4C18-BA09-2E457CDA51D9}.Release|Any CPU.Build.0 = Release|Any CPU
		{A51A05B2-F7A1-44D5-B811-89CEE4610432}.Debug|Any CPU.ActiveCfg = Debug|Any CPU
		{A51A05B2-F7A1-44D5-B811-89CEE4610432}.Debug|Any CPU.Build.0 = Debug|Any CPU
		{A51A05B2-F7A1-44D5-B811-89CEE4610432}.Release|Any CPU.ActiveCfg = Release|Any CPU
		{A51A05B2-F7A1-44D5-B811-89CEE4610432}.Release|Any CPU.Build.0 = Release|Any CPU
		{6EFA0CAB-C32B-4BD0-9172-053DFE30C298}.Debug|Any CPU.ActiveCfg = Debug|Any CPU
		{6EFA0CAB-C32B-4BD0-9172-053DFE30C298}.Debug|Any CPU.Build.0 = Debug|Any CPU
		{6EFA0CAB-C32B-4BD0-9172-053DFE30C298}.Release|Any CPU.ActiveCfg = Release|Any CPU
		{6EFA0CAB-C32B-4BD0-9172-053DFE30C298}.Release|Any CPU.Build.0 = Release|Any CPU
		{C4D26B43-E7B2-4C96-AA2E-1D84EFD33863}.Debug|Any CPU.ActiveCfg = Debug|Any CPU
		{C4D26B43-E7B2-4C96-AA2E-1D84EFD33863}.Debug|Any CPU.Build.0 = Debug|Any CPU
		{C4D26B43-E7B2-4C96-AA2E-1D84EFD33863}.Release|Any CPU.ActiveCfg = Release|Any CPU
		{C4D26B43-E7B2-4C96-AA2E-1D84EFD33863}.Release|Any CPU.Build.0 = Release|Any CPU
		{AC4CAFB5-F265-46DF-861C-DF46CDEFDF9C}.Debug|Any CPU.ActiveCfg = Debug|Any CPU
		{AC4CAFB5-F265-46DF-861C-DF46CDEFDF9C}.Debug|Any CPU.Build.0 = Debug|Any CPU
		{AC4CAFB5-F265-46DF-861C-DF46CDEFDF9C}.Release|Any CPU.ActiveCfg = Release|Any CPU
		{AC4CAFB5-F265-46DF-861C-DF46CDEFDF9C}.Release|Any CPU.Build.0 = Release|Any CPU
		{740FE456-C733-4CBB-8DAE-067E50F431E1}.Debug|Any CPU.ActiveCfg = Debug|Any CPU
		{740FE456-C733-4CBB-8DAE-067E50F431E1}.Debug|Any CPU.Build.0 = Debug|Any CPU
		{740FE456-C733-4CBB-8DAE-067E50F431E1}.Release|Any CPU.ActiveCfg = Release|Any CPU
		{740FE456-C733-4CBB-8DAE-067E50F431E1}.Release|Any CPU.Build.0 = Release|Any CPU
		{291FE32B-36EE-4545-92D1-8994CCAEDB93}.Debug|Any CPU.ActiveCfg = Debug|Any CPU
		{291FE32B-36EE-4545-92D1-8994CCAEDB93}.Debug|Any CPU.Build.0 = Debug|Any CPU
		{291FE32B-36EE-4545-92D1-8994CCAEDB93}.Release|Any CPU.ActiveCfg = Release|Any CPU
		{291FE32B-36EE-4545-92D1-8994CCAEDB93}.Release|Any CPU.Build.0 = Release|Any CPU
	EndGlobalSection
	GlobalSection(SolutionProperties) = preSolution
		HideSolutionNode = FALSE
	EndGlobalSection
	GlobalSection(NestedProjects) = preSolution
		{73C35623-5304-48B1-AA1E-33012D15A264} = {10E11EB8-01FA-4C82-A5EA-DE8A711DB19B}
		{BE0E4601-A895-4577-91E8-358AD56C6CB6} = {10E11EB8-01FA-4C82-A5EA-DE8A711DB19B}
		{E66151E9-DA69-4CCE-A081-4EE3CA532C9B} = {10E11EB8-01FA-4C82-A5EA-DE8A711DB19B}
		{F24D4C05-CE7D-4A06-BF2B-497413537731} = {A975C52C-0378-4A08-9F24-A75A9394E0A0}
		{6A40CA32-0C64-43D3-8250-CA8A9E1D1CDA} = {98DE54CD-AC0F-42B2-80C4-BB82AB95BD4F}
		{A4358435-8CFE-4B31-B591-468ACADC5FB7} = {CEC28F5A-1141-482E-876E-0D93A3E3E993}
		{52C56443-5EAD-41E0-B3A3-7E516770EC0B} = {3833F2FE-2A9C-4BA0-8FAD-0F8EAC42DFD8}
		{B75B6406-47C5-4C18-BA09-2E457CDA51D9} = {3833F2FE-2A9C-4BA0-8FAD-0F8EAC42DFD8}
		{A51A05B2-F7A1-44D5-B811-89CEE4610432} = {3833F2FE-2A9C-4BA0-8FAD-0F8EAC42DFD8}
		{6EFA0CAB-C32B-4BD0-9172-053DFE30C298} = {3833F2FE-2A9C-4BA0-8FAD-0F8EAC42DFD8}
		{C4D26B43-E7B2-4C96-AA2E-1D84EFD33863} = {8B494030-9512-4DA4-ADE3-90DA56D5F08B}
		{AC4CAFB5-F265-46DF-861C-DF46CDEFDF9C} = {8B494030-9512-4DA4-ADE3-90DA56D5F08B}
		{740FE456-C733-4CBB-8DAE-067E50F431E1} = {8B494030-9512-4DA4-ADE3-90DA56D5F08B}
		{291FE32B-36EE-4545-92D1-8994CCAEDB93} = {0E8AD9D4-88FB-4C6B-8176-C4A0003E3042}
	EndGlobalSection
	GlobalSection(ExtensibilityGlobals) = postSolution
		SolutionGuid = {2F4F35E8-8190-4BF3-AE1D-DA650E334A69}
	EndGlobalSection
EndGlobal
